// !$*UTF8*$!
{
	archiveVersion = 1;
	classes = {
	};
	objectVersion = 56;
	objects = {

/* Begin PBXBuildFile section */
		9A06C1E82926C8760064419C /* Virtuals.swift in Sources */ = {isa = PBXBuildFile; fileRef = 9A06C1E72926C8760064419C /* Virtuals.swift */; };
		9A28A069292D83ED001E2083 /* Localizable.strings in Resources */ = {isa = PBXBuildFile; fileRef = 9A28A06B292D83ED001E2083 /* Localizable.strings */; };
		9A28A06D292D8538001E2083 /* Localizable.strings in Resources */ = {isa = PBXBuildFile; fileRef = 9A28A06B292D83ED001E2083 /* Localizable.strings */; };
		9A462A172912EA8F00D1723D /* main.swift in Sources */ = {isa = PBXBuildFile; fileRef = 9A462A162912EA8F00D1723D /* main.swift */; };
		9A6B99B4297EC11800F38BE1 /* PAM Manager.swift in Sources */ = {isa = PBXBuildFile; fileRef = 9A6B99B3297EC11800F38BE1 /* PAM Manager.swift */; };
		9A8ECF0F291B0D360091B1A8 /* Added Animations.swift in Sources */ = {isa = PBXBuildFile; fileRef = 9A8ECF0E291B0D360091B1A8 /* Added Animations.swift */; };
		9ABFD04A2908BA2E003D7575 /* Preview Assets.xcassets in Resources */ = {isa = PBXBuildFile; fileRef = 9ABFD02B2908BA2D003D7575 /* Preview Assets.xcassets */; };
		9ABFD0632908BA2E003D7575 /* Assets.xcassets in Resources */ = {isa = PBXBuildFile; fileRef = 9ABFD0482908BA2E003D7575 /* Assets.xcassets */; };
		9ABFD0AA2908BBA5003D7575 /* xCore.framework in Frameworks */ = {isa = PBXBuildFile; fileRef = 9ABFD0952908BBA4003D7575 /* xCore.framework */; };
		9ABFD0AB2908BBA5003D7575 /* xCore.framework in Embed Frameworks */ = {isa = PBXBuildFile; fileRef = 9ABFD0952908BBA4003D7575 /* xCore.framework */; settings = {ATTRIBUTES = (CodeSignOnCopy, RemoveHeadersOnCopy, ); }; };
		9ABFD0FA2908BC02003D7575 /* SettingsView.swift in Sources */ = {isa = PBXBuildFile; fileRef = 9ABFD0E12908BC02003D7575 /* SettingsView.swift */; };
		9ABFD0FB2908BC02003D7575 /* Overview.swift in Sources */ = {isa = PBXBuildFile; fileRef = 9ABFD0E22908BC02003D7575 /* Overview.swift */; };
		9ABFD0FC2908BC02003D7575 /* Password.swift in Sources */ = {isa = PBXBuildFile; fileRef = 9ABFD0E32908BC02003D7575 /* Password.swift */; };
		9ABFD0FF2908BC02003D7575 /* Defaults.swift in Sources */ = {isa = PBXBuildFile; fileRef = 9ABFD0E62908BC02003D7575 /* Defaults.swift */; };
		9ABFD1002908BC02003D7575 /* DevID.swift in Sources */ = {isa = PBXBuildFile; fileRef = 9ABFD0E72908BC02003D7575 /* DevID.swift */; };
		9ABFD1012908BC02003D7575 /* BootCamp.swift in Sources */ = {isa = PBXBuildFile; fileRef = 9ABFD0E82908BC02003D7575 /* BootCamp.swift */; };
		9ABFD1022908BC02003D7575 /* App Delegate.swift in Sources */ = {isa = PBXBuildFile; fileRef = 9ABFD0E92908BC02003D7575 /* App Delegate.swift */; };
		9ABFD1032908BC02003D7575 /* Tor.swift in Sources */ = {isa = PBXBuildFile; fileRef = 9ABFD0EB2908BC02003D7575 /* Tor.swift */; };
		9ABFD1042908BC02003D7575 /* RAM Disk.swift in Sources */ = {isa = PBXBuildFile; fileRef = 9ABFD0EC2908BC02003D7575 /* RAM Disk.swift */; };
		9ABFD1052908BC02003D7575 /* Time.swift in Sources */ = {isa = PBXBuildFile; fileRef = 9ABFD0ED2908BC02003D7575 /* Time.swift */; };
		9ABFD1062908BC02003D7575 /* Help.swift in Sources */ = {isa = PBXBuildFile; fileRef = 9ABFD0EE2908BC02003D7575 /* Help.swift */; };
		9ABFD1072908BC02003D7575 /* Launchpad.swift in Sources */ = {isa = PBXBuildFile; fileRef = 9ABFD0EF2908BC02003D7575 /* Launchpad.swift */; };
		9ABFD1082908BC02003D7575 /* Camper.swift in Sources */ = {isa = PBXBuildFile; fileRef = 9ABFD0F02908BC02003D7575 /* Camper.swift */; };
		9ABFD1092908BC02003D7575 /* Dock.swift in Sources */ = {isa = PBXBuildFile; fileRef = 9ABFD0F12908BC02003D7575 /* Dock.swift */; };
		9ABFD10A2908BC02003D7575 /* Beta Seed.swift in Sources */ = {isa = PBXBuildFile; fileRef = 9ABFD0F22908BC02003D7575 /* Beta Seed.swift */; };
		9ABFD10B2908BC02003D7575 /* TouchID.swift in Sources */ = {isa = PBXBuildFile; fileRef = 9ABFD0F32908BC02003D7575 /* TouchID.swift */; };
		9ABFD10C2908BC02003D7575 /* TimeButton.swift in Sources */ = {isa = PBXBuildFile; fileRef = 9ABFD0F42908BC02003D7575 /* TimeButton.swift */; };
		9ABFD10D2908BC02003D7575 /* Sleep.swift in Sources */ = {isa = PBXBuildFile; fileRef = 9ABFD0F52908BC02003D7575 /* Sleep.swift */; };
		9ABFD10F2908BC02003D7575 /* Packer.swift in Sources */ = {isa = PBXBuildFile; fileRef = 9ABFD0F72908BC02003D7575 /* Packer.swift */; };
		9ABFD1102908BC02003D7575 /* Main View.swift in Sources */ = {isa = PBXBuildFile; fileRef = 9ABFD0F82908BC02003D7575 /* Main View.swift */; };
		9ABFD13D2908BC67003D7575 /* CPU Display.swift in Sources */ = {isa = PBXBuildFile; fileRef = 9ABFD1162908BC66003D7575 /* CPU Display.swift */; };
		9ABFD13E2908BC67003D7575 /* Disks Display.swift in Sources */ = {isa = PBXBuildFile; fileRef = 9ABFD1172908BC66003D7575 /* Disks Display.swift */; };
		9ABFD13F2908BC67003D7575 /* Battery Display.swift in Sources */ = {isa = PBXBuildFile; fileRef = 9ABFD1182908BC66003D7575 /* Battery Display.swift */; };
		9ABFD1402908BC67003D7575 /* macOS Update.swift in Sources */ = {isa = PBXBuildFile; fileRef = 9ABFD1192908BC66003D7575 /* macOS Update.swift */; };
		9ABFD1412908BC67003D7575 /* Memory View.swift in Sources */ = {isa = PBXBuildFile; fileRef = 9ABFD11A2908BC66003D7575 /* Memory View.swift */; };
		9ABFD1422908BC67003D7575 /* System Status.swift in Sources */ = {isa = PBXBuildFile; fileRef = 9ABFD11B2908BC66003D7575 /* System Status.swift */; };
		9ABFD1432908BC67003D7575 /* Enums & Aliases.swift in Sources */ = {isa = PBXBuildFile; fileRef = 9ABFD11C2908BC66003D7575 /* Enums & Aliases.swift */; };
		9ABFD1442908BC67003D7575 /* Extensions & Funcs.swift in Sources */ = {isa = PBXBuildFile; fileRef = 9ABFD11D2908BC66003D7575 /* Extensions & Funcs.swift */; };
		9ABFD1452908BC67003D7575 /* Biometrics.swift in Sources */ = {isa = PBXBuildFile; fileRef = 9ABFD11E2908BC66003D7575 /* Biometrics.swift */; };
		9ABFD1462908BC67003D7575 /* Custom Views.swift in Sources */ = {isa = PBXBuildFile; fileRef = 9ABFD11F2908BC66003D7575 /* Custom Views.swift */; };
		9ABFD1472908BC67003D7575 /* Cool Circles.swift in Sources */ = {isa = PBXBuildFile; fileRef = 9ABFD1202908BC66003D7575 /* Cool Circles.swift */; };
		9ABFD1482908BC67003D7575 /* Header.h in Headers */ = {isa = PBXBuildFile; fileRef = 9ABFD1212908BC66003D7575 /* Header.h */; };
		9ABFD1492908BC67003D7575 /* Documentation.docc in Sources */ = {isa = PBXBuildFile; fileRef = 9ABFD1222908BC66003D7575 /* Documentation.docc */; };
		9ABFD14A2908BC67003D7575 /* Apple Script.swift in Sources */ = {isa = PBXBuildFile; fileRef = 9ABFD1242908BC66003D7575 /* Apple Script.swift */; };
		9ABFD14B2908BC67003D7575 /* Memory.swift in Sources */ = {isa = PBXBuildFile; fileRef = 9ABFD1252908BC66003D7575 /* Memory.swift */; };
		9ABFD14C2908BC67003D7575 /* Shell.swift in Sources */ = {isa = PBXBuildFile; fileRef = 9ABFD1262908BC66003D7575 /* Shell.swift */; };
		9ABFD14D2908BC67003D7575 /* macOS SubSystem.swift in Sources */ = {isa = PBXBuildFile; fileRef = 9ABFD1272908BC66003D7575 /* macOS SubSystem.swift */; };
		9ABFD14E2908BC67003D7575 /* HomeBrew Class.swift in Sources */ = {isa = PBXBuildFile; fileRef = 9ABFD1282908BC66003D7575 /* HomeBrew Class.swift */; };
		9ABFD14F2908BC67003D7575 /* Packer.swift in Sources */ = {isa = PBXBuildFile; fileRef = 9ABFD1292908BC66003D7575 /* Packer.swift */; };
		9ABFD1502908BC67003D7575 /* INIT.swift in Sources */ = {isa = PBXBuildFile; fileRef = 9ABFD12A2908BC66003D7575 /* INIT.swift */; };
		9ABFD1532908BC67003D7575 /* BootCamp.swift in Sources */ = {isa = PBXBuildFile; fileRef = 9ABFD12E2908BC67003D7575 /* BootCamp.swift */; };
		9ABFD1542908BC67003D7575 /* SeedUtil.swift in Sources */ = {isa = PBXBuildFile; fileRef = 9ABFD1302908BC67003D7575 /* SeedUtil.swift */; };
		9ABFD1552908BC67003D7575 /* Launchpad.swift in Sources */ = {isa = PBXBuildFile; fileRef = 9ABFD1312908BC67003D7575 /* Launchpad.swift */; };
		9ABFD1562908BC67003D7575 /* Dock Manager.swift in Sources */ = {isa = PBXBuildFile; fileRef = 9ABFD1322908BC67003D7575 /* Dock Manager.swift */; };
		9ABFD1572908BC67003D7575 /* Sleep Manager.swift in Sources */ = {isa = PBXBuildFile; fileRef = 9ABFD1332908BC67003D7575 /* Sleep Manager.swift */; };
		9ABFD1592908BC67003D7575 /* Stylers.swift in Sources */ = {isa = PBXBuildFile; fileRef = 9ABFD1362908BC67003D7575 /* Stylers.swift */; };
		9ABFD15A2908BC67003D7575 /* Settings Monitor.swift in Sources */ = {isa = PBXBuildFile; fileRef = 9ABFD1372908BC67003D7575 /* Settings Monitor.swift */; };
		9ABFD15B2908BC67003D7575 /* App Theme.swift in Sources */ = {isa = PBXBuildFile; fileRef = 9ABFD1382908BC67003D7575 /* App Theme.swift */; };
		9ABFD15C2908BC67003D7575 /* Notifications Manager.swift in Sources */ = {isa = PBXBuildFile; fileRef = 9ABFD1392908BC67003D7575 /* Notifications Manager.swift */; };
		9ABFD15D2908BC67003D7575 /* Navigation Generator.swift in Sources */ = {isa = PBXBuildFile; fileRef = 9ABFD13A2908BC67003D7575 /* Navigation Generator.swift */; };
		9ABFD15E2908BC67003D7575 /* Tor Networking.swift in Sources */ = {isa = PBXBuildFile; fileRef = 9ABFD13C2908BC67003D7575 /* Tor Networking.swift */; };
		9AD98C3F29133F6C00618E0D /* ServiceManagement.framework in Frameworks */ = {isa = PBXBuildFile; fileRef = 9AD98C3E29133F6C00618E0D /* ServiceManagement.framework */; };
/* End PBXBuildFile section */

/* Begin PBXContainerItemProxy section */
		9ABFD0A82908BBA5003D7575 /* PBXContainerItemProxy */ = {
			isa = PBXContainerItemProxy;
			containerPortal = 9ABFD0102908BA02003D7575 /* Project object */;
			proxyType = 1;
			remoteGlobalIDString = 9ABFD0942908BBA4003D7575;
			remoteInfo = xCore;
		};
/* End PBXContainerItemProxy section */

/* Begin PBXCopyFilesBuildPhase section */
		9ABFD0AF2908BBA5003D7575 /* Embed Frameworks */ = {
			isa = PBXCopyFilesBuildPhase;
			buildActionMask = 2147483647;
			dstPath = "";
			dstSubfolderSpec = 10;
			files = (
				9ABFD0AB2908BBA5003D7575 /* xCore.framework in Embed Frameworks */,
			);
			name = "Embed Frameworks";
			runOnlyForDeploymentPostprocessing = 0;
		};
/* End PBXCopyFilesBuildPhase section */

/* Begin PBXFileReference section */
		9A06C1E72926C8760064419C /* Virtuals.swift */ = {isa = PBXFileReference; lastKnownFileType = sourcecode.swift; path = Virtuals.swift; sourceTree = "<group>"; };
		9A28A06A292D83ED001E2083 /* en */ = {isa = PBXFileReference; lastKnownFileType = text.plist.strings; name = en; path = en.lproj/Localizable.strings; sourceTree = "<group>"; };
		9A28A06C292D83F1001E2083 /* ru */ = {isa = PBXFileReference; lastKnownFileType = text.plist.strings; name = ru; path = ru.lproj/Localizable.strings; sourceTree = "<group>"; };
		9A462A162912EA8F00D1723D /* main.swift */ = {isa = PBXFileReference; lastKnownFileType = sourcecode.swift; path = main.swift; sourceTree = "<group>"; };
		9A5E706B290C1887000F479A /* Info.plist */ = {isa = PBXFileReference; lastKnownFileType = text.plist; path = Info.plist; sourceTree = "<group>"; };
		9A6B99B3297EC11800F38BE1 /* PAM Manager.swift */ = {isa = PBXFileReference; lastKnownFileType = sourcecode.swift; path = "PAM Manager.swift"; sourceTree = "<group>"; };
		9A8ECF0E291B0D360091B1A8 /* Added Animations.swift */ = {isa = PBXFileReference; lastKnownFileType = sourcecode.swift; path = "Added Animations.swift"; sourceTree = "<group>"; };
		9A95BC36290C173100F1E780 /* macOS-ToolBox-Info.plist */ = {isa = PBXFileReference; lastKnownFileType = text.plist; path = "macOS-ToolBox-Info.plist"; sourceTree = SOURCE_ROOT; };
		9ABFD0182908BA02003D7575 /* macOS ToolBox.app */ = {isa = PBXFileReference; explicitFileType = wrapper.application; includeInIndex = 0; path = "macOS ToolBox.app"; sourceTree = BUILT_PRODUCTS_DIR; };
		9ABFD02B2908BA2D003D7575 /* Preview Assets.xcassets */ = {isa = PBXFileReference; lastKnownFileType = folder.assetcatalog; path = "Preview Assets.xcassets"; sourceTree = "<group>"; };
		9ABFD0472908BA2D003D7575 /* macOS ToolBox.entitlements */ = {isa = PBXFileReference; fileEncoding = 4; lastKnownFileType = text.plist.entitlements; path = "macOS ToolBox.entitlements"; sourceTree = "<group>"; };
		9ABFD0482908BA2E003D7575 /* Assets.xcassets */ = {isa = PBXFileReference; lastKnownFileType = folder.assetcatalog; path = Assets.xcassets; sourceTree = "<group>"; };
		9ABFD0952908BBA4003D7575 /* xCore.framework */ = {isa = PBXFileReference; explicitFileType = wrapper.framework; includeInIndex = 0; path = xCore.framework; sourceTree = BUILT_PRODUCTS_DIR; };
		9ABFD0E12908BC02003D7575 /* SettingsView.swift */ = {isa = PBXFileReference; fileEncoding = 4; lastKnownFileType = sourcecode.swift; path = SettingsView.swift; sourceTree = "<group>"; };
		9ABFD0E22908BC02003D7575 /* Overview.swift */ = {isa = PBXFileReference; fileEncoding = 4; lastKnownFileType = sourcecode.swift; path = Overview.swift; sourceTree = "<group>"; };
		9ABFD0E32908BC02003D7575 /* Password.swift */ = {isa = PBXFileReference; fileEncoding = 4; lastKnownFileType = sourcecode.swift; path = Password.swift; sourceTree = "<group>"; };
		9ABFD0E62908BC02003D7575 /* Defaults.swift */ = {isa = PBXFileReference; fileEncoding = 4; lastKnownFileType = sourcecode.swift; path = Defaults.swift; sourceTree = "<group>"; };
		9ABFD0E72908BC02003D7575 /* DevID.swift */ = {isa = PBXFileReference; fileEncoding = 4; lastKnownFileType = sourcecode.swift; path = DevID.swift; sourceTree = "<group>"; };
		9ABFD0E82908BC02003D7575 /* BootCamp.swift */ = {isa = PBXFileReference; fileEncoding = 4; lastKnownFileType = sourcecode.swift; path = BootCamp.swift; sourceTree = "<group>"; };
		9ABFD0E92908BC02003D7575 /* App Delegate.swift */ = {isa = PBXFileReference; fileEncoding = 4; lastKnownFileType = sourcecode.swift; path = "App Delegate.swift"; sourceTree = "<group>"; };
		9ABFD0EB2908BC02003D7575 /* Tor.swift */ = {isa = PBXFileReference; fileEncoding = 4; lastKnownFileType = sourcecode.swift; path = Tor.swift; sourceTree = "<group>"; };
		9ABFD0EC2908BC02003D7575 /* RAM Disk.swift */ = {isa = PBXFileReference; fileEncoding = 4; lastKnownFileType = sourcecode.swift; path = "RAM Disk.swift"; sourceTree = "<group>"; };
		9ABFD0ED2908BC02003D7575 /* Time.swift */ = {isa = PBXFileReference; fileEncoding = 4; lastKnownFileType = sourcecode.swift; path = Time.swift; sourceTree = "<group>"; };
		9ABFD0EE2908BC02003D7575 /* Help.swift */ = {isa = PBXFileReference; fileEncoding = 4; lastKnownFileType = sourcecode.swift; path = Help.swift; sourceTree = "<group>"; };
		9ABFD0EF2908BC02003D7575 /* Launchpad.swift */ = {isa = PBXFileReference; fileEncoding = 4; lastKnownFileType = sourcecode.swift; path = Launchpad.swift; sourceTree = "<group>"; };
		9ABFD0F02908BC02003D7575 /* Camper.swift */ = {isa = PBXFileReference; fileEncoding = 4; lastKnownFileType = sourcecode.swift; path = Camper.swift; sourceTree = "<group>"; };
		9ABFD0F12908BC02003D7575 /* Dock.swift */ = {isa = PBXFileReference; fileEncoding = 4; lastKnownFileType = sourcecode.swift; path = Dock.swift; sourceTree = "<group>"; };
		9ABFD0F22908BC02003D7575 /* Beta Seed.swift */ = {isa = PBXFileReference; fileEncoding = 4; lastKnownFileType = sourcecode.swift; path = "Beta Seed.swift"; sourceTree = "<group>"; };
		9ABFD0F32908BC02003D7575 /* TouchID.swift */ = {isa = PBXFileReference; fileEncoding = 4; lastKnownFileType = sourcecode.swift; path = TouchID.swift; sourceTree = "<group>"; };
		9ABFD0F42908BC02003D7575 /* TimeButton.swift */ = {isa = PBXFileReference; fileEncoding = 4; lastKnownFileType = sourcecode.swift; path = TimeButton.swift; sourceTree = "<group>"; };
		9ABFD0F52908BC02003D7575 /* Sleep.swift */ = {isa = PBXFileReference; fileEncoding = 4; lastKnownFileType = sourcecode.swift; path = Sleep.swift; sourceTree = "<group>"; };
		9ABFD0F72908BC02003D7575 /* Packer.swift */ = {isa = PBXFileReference; fileEncoding = 4; lastKnownFileType = sourcecode.swift; path = Packer.swift; sourceTree = "<group>"; };
		9ABFD0F82908BC02003D7575 /* Main View.swift */ = {isa = PBXFileReference; fileEncoding = 4; lastKnownFileType = sourcecode.swift; path = "Main View.swift"; sourceTree = "<group>"; };
		9ABFD0F92908BC02003D7575 /* Main Scene (redundant).swift */ = {isa = PBXFileReference; fileEncoding = 4; lastKnownFileType = sourcecode.swift; path = "Main Scene (redundant).swift"; sourceTree = "<group>"; };
		9ABFD1162908BC66003D7575 /* CPU Display.swift */ = {isa = PBXFileReference; fileEncoding = 4; lastKnownFileType = sourcecode.swift; path = "CPU Display.swift"; sourceTree = "<group>"; };
		9ABFD1172908BC66003D7575 /* Disks Display.swift */ = {isa = PBXFileReference; fileEncoding = 4; lastKnownFileType = sourcecode.swift; path = "Disks Display.swift"; sourceTree = "<group>"; };
		9ABFD1182908BC66003D7575 /* Battery Display.swift */ = {isa = PBXFileReference; fileEncoding = 4; lastKnownFileType = sourcecode.swift; path = "Battery Display.swift"; sourceTree = "<group>"; };
		9ABFD1192908BC66003D7575 /* macOS Update.swift */ = {isa = PBXFileReference; fileEncoding = 4; lastKnownFileType = sourcecode.swift; path = "macOS Update.swift"; sourceTree = "<group>"; };
		9ABFD11A2908BC66003D7575 /* Memory View.swift */ = {isa = PBXFileReference; fileEncoding = 4; lastKnownFileType = sourcecode.swift; path = "Memory View.swift"; sourceTree = "<group>"; };
		9ABFD11B2908BC66003D7575 /* System Status.swift */ = {isa = PBXFileReference; fileEncoding = 4; lastKnownFileType = sourcecode.swift; path = "System Status.swift"; sourceTree = "<group>"; };
		9ABFD11C2908BC66003D7575 /* Enums & Aliases.swift */ = {isa = PBXFileReference; fileEncoding = 4; lastKnownFileType = sourcecode.swift; path = "Enums & Aliases.swift"; sourceTree = "<group>"; };
		9ABFD11D2908BC66003D7575 /* Extensions & Funcs.swift */ = {isa = PBXFileReference; fileEncoding = 4; lastKnownFileType = sourcecode.swift; path = "Extensions & Funcs.swift"; sourceTree = "<group>"; };
		9ABFD11E2908BC66003D7575 /* Biometrics.swift */ = {isa = PBXFileReference; fileEncoding = 4; lastKnownFileType = sourcecode.swift; path = Biometrics.swift; sourceTree = "<group>"; };
		9ABFD11F2908BC66003D7575 /* Custom Views.swift */ = {isa = PBXFileReference; fileEncoding = 4; lastKnownFileType = sourcecode.swift; path = "Custom Views.swift"; sourceTree = "<group>"; };
		9ABFD1202908BC66003D7575 /* Cool Circles.swift */ = {isa = PBXFileReference; fileEncoding = 4; lastKnownFileType = sourcecode.swift; path = "Cool Circles.swift"; sourceTree = "<group>"; };
		9ABFD1212908BC66003D7575 /* Header.h */ = {isa = PBXFileReference; fileEncoding = 4; lastKnownFileType = sourcecode.c.h; path = Header.h; sourceTree = "<group>"; };
		9ABFD1222908BC66003D7575 /* Documentation.docc */ = {isa = PBXFileReference; lastKnownFileType = folder.documentationcatalog; path = Documentation.docc; sourceTree = "<group>"; };
		9ABFD1242908BC66003D7575 /* Apple Script.swift */ = {isa = PBXFileReference; fileEncoding = 4; lastKnownFileType = sourcecode.swift; path = "Apple Script.swift"; sourceTree = "<group>"; };
		9ABFD1252908BC66003D7575 /* Memory.swift */ = {isa = PBXFileReference; fileEncoding = 4; lastKnownFileType = sourcecode.swift; path = Memory.swift; sourceTree = "<group>"; };
		9ABFD1262908BC66003D7575 /* Shell.swift */ = {isa = PBXFileReference; fileEncoding = 4; lastKnownFileType = sourcecode.swift; path = Shell.swift; sourceTree = "<group>"; };
		9ABFD1272908BC66003D7575 /* macOS SubSystem.swift */ = {isa = PBXFileReference; fileEncoding = 4; lastKnownFileType = sourcecode.swift; path = "macOS SubSystem.swift"; sourceTree = "<group>"; };
		9ABFD1282908BC66003D7575 /* HomeBrew Class.swift */ = {isa = PBXFileReference; fileEncoding = 4; lastKnownFileType = sourcecode.swift; path = "HomeBrew Class.swift"; sourceTree = "<group>"; };
		9ABFD1292908BC66003D7575 /* Packer.swift */ = {isa = PBXFileReference; fileEncoding = 4; lastKnownFileType = sourcecode.swift; path = Packer.swift; sourceTree = "<group>"; };
		9ABFD12A2908BC66003D7575 /* INIT.swift */ = {isa = PBXFileReference; fileEncoding = 4; lastKnownFileType = sourcecode.swift; path = INIT.swift; sourceTree = "<group>"; };
		9ABFD12E2908BC67003D7575 /* BootCamp.swift */ = {isa = PBXFileReference; fileEncoding = 4; lastKnownFileType = sourcecode.swift; path = BootCamp.swift; sourceTree = "<group>"; };
		9ABFD1302908BC67003D7575 /* SeedUtil.swift */ = {isa = PBXFileReference; fileEncoding = 4; lastKnownFileType = sourcecode.swift; path = SeedUtil.swift; sourceTree = "<group>"; };
		9ABFD1312908BC67003D7575 /* Launchpad.swift */ = {isa = PBXFileReference; fileEncoding = 4; lastKnownFileType = sourcecode.swift; path = Launchpad.swift; sourceTree = "<group>"; };
		9ABFD1322908BC67003D7575 /* Dock Manager.swift */ = {isa = PBXFileReference; fileEncoding = 4; lastKnownFileType = sourcecode.swift; path = "Dock Manager.swift"; sourceTree = "<group>"; };
		9ABFD1332908BC67003D7575 /* Sleep Manager.swift */ = {isa = PBXFileReference; fileEncoding = 4; lastKnownFileType = sourcecode.swift; path = "Sleep Manager.swift"; sourceTree = "<group>"; };
		9ABFD1362908BC67003D7575 /* Stylers.swift */ = {isa = PBXFileReference; fileEncoding = 4; lastKnownFileType = sourcecode.swift; path = Stylers.swift; sourceTree = "<group>"; };
		9ABFD1372908BC67003D7575 /* Settings Monitor.swift */ = {isa = PBXFileReference; fileEncoding = 4; lastKnownFileType = sourcecode.swift; path = "Settings Monitor.swift"; sourceTree = "<group>"; };
		9ABFD1382908BC67003D7575 /* App Theme.swift */ = {isa = PBXFileReference; fileEncoding = 4; lastKnownFileType = sourcecode.swift; path = "App Theme.swift"; sourceTree = "<group>"; };
		9ABFD1392908BC67003D7575 /* Notifications Manager.swift */ = {isa = PBXFileReference; fileEncoding = 4; lastKnownFileType = sourcecode.swift; path = "Notifications Manager.swift"; sourceTree = "<group>"; };
		9ABFD13A2908BC67003D7575 /* Navigation Generator.swift */ = {isa = PBXFileReference; fileEncoding = 4; lastKnownFileType = sourcecode.swift; path = "Navigation Generator.swift"; sourceTree = "<group>"; };
		9ABFD13C2908BC67003D7575 /* Tor Networking.swift */ = {isa = PBXFileReference; fileEncoding = 4; lastKnownFileType = sourcecode.swift; path = "Tor Networking.swift"; sourceTree = "<group>"; };
		9AD98C3E29133F6C00618E0D /* ServiceManagement.framework */ = {isa = PBXFileReference; lastKnownFileType = wrapper.framework; name = ServiceManagement.framework; path = System/Library/Frameworks/ServiceManagement.framework; sourceTree = SDKROOT; };
/* End PBXFileReference section */

/* Begin PBXFrameworksBuildPhase section */
		9ABFD0152908BA02003D7575 /* Frameworks */ = {
			isa = PBXFrameworksBuildPhase;
			buildActionMask = 2147483647;
			files = (
				9ABFD0AA2908BBA5003D7575 /* xCore.framework in Frameworks */,
				9AD98C3F29133F6C00618E0D /* ServiceManagement.framework in Frameworks */,
			);
			runOnlyForDeploymentPostprocessing = 0;
		};
		9ABFD0922908BBA4003D7575 /* Frameworks */ = {
			isa = PBXFrameworksBuildPhase;
			buildActionMask = 2147483647;
			files = (
			);
			runOnlyForDeploymentPostprocessing = 0;
		};
/* End PBXFrameworksBuildPhase section */

/* Begin PBXGroup section */
		9ABFD00F2908BA02003D7575 = {
			isa = PBXGroup;
			children = (
				9ABFD1122908BC5A003D7575 /* xCore */,
				9ABFD01A2908BA02003D7575 /* macOS ToolBox */,
				9ABFD0192908BA02003D7575 /* Products */,
				9AD98C3D29133F6C00618E0D /* Frameworks */,
			);
			sourceTree = "<group>";
			usesTabs = 0;
		};
		9ABFD0192908BA02003D7575 /* Products */ = {
			isa = PBXGroup;
			children = (
				9ABFD0182908BA02003D7575 /* macOS ToolBox.app */,
				9ABFD0952908BBA4003D7575 /* xCore.framework */,
			);
			name = Products;
			sourceTree = "<group>";
		};
		9ABFD01A2908BA02003D7575 /* macOS ToolBox */ = {
			isa = PBXGroup;
			children = (
				9A95BC36290C173100F1E780 /* macOS-ToolBox-Info.plist */,
				9A462A162912EA8F00D1723D /* main.swift */,
				9ABFD0E92908BC02003D7575 /* App Delegate.swift */,
				9ABFD0DF2908BC02003D7575 /* Views */,
				9ABFD0482908BA2E003D7575 /* Assets.xcassets */,
				9ABFD0472908BA2D003D7575 /* macOS ToolBox.entitlements */,
				9ABFD02A2908BA2D003D7575 /* Preview Content */,
			);
			path = "macOS ToolBox";
			sourceTree = "<group>";
		};
		9ABFD02A2908BA2D003D7575 /* Preview Content */ = {
			isa = PBXGroup;
			children = (
				9ABFD02B2908BA2D003D7575 /* Preview Assets.xcassets */,
			);
			path = "Preview Content";
			sourceTree = "<group>";
		};
		9ABFD0DF2908BC02003D7575 /* Views */ = {
			isa = PBXGroup;
			children = (
				9ABFD0E02908BC02003D7575 /* Settings Views */,
				9ABFD0EA2908BC02003D7575 /* Functional Views */,
				9ABFD0F82908BC02003D7575 /* Main View.swift */,
				9ABFD0F92908BC02003D7575 /* Main Scene (redundant).swift */,
			);
			path = Views;
			sourceTree = "<group>";
		};
		9ABFD0E02908BC02003D7575 /* Settings Views */ = {
			isa = PBXGroup;
			children = (
				9ABFD0E12908BC02003D7575 /* SettingsView.swift */,
				9ABFD0E22908BC02003D7575 /* Overview.swift */,
				9ABFD0E32908BC02003D7575 /* Password.swift */,
				9ABFD0E62908BC02003D7575 /* Defaults.swift */,
				9ABFD0E72908BC02003D7575 /* DevID.swift */,
				9ABFD0E82908BC02003D7575 /* BootCamp.swift */,
			);
			path = "Settings Views";
			sourceTree = "<group>";
		};
		9ABFD0EA2908BC02003D7575 /* Functional Views */ = {
			isa = PBXGroup;
			children = (
				9ABFD0EB2908BC02003D7575 /* Tor.swift */,
				9ABFD0EC2908BC02003D7575 /* RAM Disk.swift */,
				9ABFD0ED2908BC02003D7575 /* Time.swift */,
				9ABFD0EE2908BC02003D7575 /* Help.swift */,
				9ABFD0EF2908BC02003D7575 /* Launchpad.swift */,
				9ABFD0F02908BC02003D7575 /* Camper.swift */,
				9ABFD0F12908BC02003D7575 /* Dock.swift */,
				9ABFD0F22908BC02003D7575 /* Beta Seed.swift */,
				9ABFD0F32908BC02003D7575 /* TouchID.swift */,
				9ABFD0F42908BC02003D7575 /* TimeButton.swift */,
				9ABFD0F52908BC02003D7575 /* Sleep.swift */,
				9ABFD0F72908BC02003D7575 /* Packer.swift */,
			);
			path = "Functional Views";
			sourceTree = "<group>";
		};
		9ABFD1122908BC5A003D7575 /* xCore */ = {
			isa = PBXGroup;
			children = (
				9A5E706B290C1887000F479A /* Info.plist */,
				9ABFD1142908BC66003D7575 /* System Status */,
				9ABFD1132908BC66003D7575 /* Addons */,
				9ABFD1352908BC67003D7575 /* App Settings */,
				9ABFD1222908BC66003D7575 /* Documentation.docc */,
				9ABFD1212908BC66003D7575 /* Header.h */,
				9ABFD12A2908BC66003D7575 /* INIT.swift */,
				9A28A06B292D83ED001E2083 /* Localizable.strings */,
				9ABFD13B2908BC67003D7575 /* Networking */,
				9ABFD1232908BC66003D7575 /* Parcers */,
				9ABFD12F2908BC67003D7575 /* System Settings */,
			);
			path = xCore;
			sourceTree = "<group>";
		};
		9ABFD1132908BC66003D7575 /* Addons */ = {
			isa = PBXGroup;
			children = (
				9ABFD11C2908BC66003D7575 /* Enums & Aliases.swift */,
				9ABFD11D2908BC66003D7575 /* Extensions & Funcs.swift */,
				9A8ECF0E291B0D360091B1A8 /* Added Animations.swift */,
				9ABFD11E2908BC66003D7575 /* Biometrics.swift */,
				9ABFD11F2908BC66003D7575 /* Custom Views.swift */,
				9ABFD1202908BC66003D7575 /* Cool Circles.swift */,
			);
			path = Addons;
			sourceTree = "<group>";
		};
		9ABFD1142908BC66003D7575 /* System Status */ = {
			isa = PBXGroup;
			children = (
				9ABFD11B2908BC66003D7575 /* System Status.swift */,
				9ABFD1152908BC66003D7575 /* Status Extensions */,
			);
			path = "System Status";
			sourceTree = "<group>";
		};
		9ABFD1152908BC66003D7575 /* Status Extensions */ = {
			isa = PBXGroup;
			children = (
				9ABFD1162908BC66003D7575 /* CPU Display.swift */,
				9ABFD1172908BC66003D7575 /* Disks Display.swift */,
				9ABFD1182908BC66003D7575 /* Battery Display.swift */,
				9ABFD1192908BC66003D7575 /* macOS Update.swift */,
				9ABFD11A2908BC66003D7575 /* Memory View.swift */,
			);
			path = "Status Extensions";
			sourceTree = "<group>";
		};
		9ABFD1232908BC66003D7575 /* Parcers */ = {
			isa = PBXGroup;
			children = (
				9ABFD1242908BC66003D7575 /* Apple Script.swift */,
				9ABFD12E2908BC67003D7575 /* BootCamp.swift */,
				9ABFD1252908BC66003D7575 /* Memory.swift */,
				9ABFD1262908BC66003D7575 /* Shell.swift */,
				9ABFD1272908BC66003D7575 /* macOS SubSystem.swift */,
				9A06C1E72926C8760064419C /* Virtuals.swift */,
				9ABFD1282908BC66003D7575 /* HomeBrew Class.swift */,
				9ABFD1292908BC66003D7575 /* Packer.swift */,
			);
			path = Parcers;
			sourceTree = "<group>";
		};
		9ABFD12F2908BC67003D7575 /* System Settings */ = {
			isa = PBXGroup;
			children = (
				9ABFD1302908BC67003D7575 /* SeedUtil.swift */,
				9ABFD1312908BC67003D7575 /* Launchpad.swift */,
				9ABFD1322908BC67003D7575 /* Dock Manager.swift */,
				9A6B99B3297EC11800F38BE1 /* PAM Manager.swift */,
				9ABFD1332908BC67003D7575 /* Sleep Manager.swift */,
			);
			path = "System Settings";
			sourceTree = "<group>";
		};
		9ABFD1352908BC67003D7575 /* App Settings */ = {
			isa = PBXGroup;
			children = (
				9ABFD1362908BC67003D7575 /* Stylers.swift */,
				9ABFD1372908BC67003D7575 /* Settings Monitor.swift */,
				9ABFD1382908BC67003D7575 /* App Theme.swift */,
				9ABFD1392908BC67003D7575 /* Notifications Manager.swift */,
				9ABFD13A2908BC67003D7575 /* Navigation Generator.swift */,
			);
			path = "App Settings";
			sourceTree = "<group>";
		};
		9ABFD13B2908BC67003D7575 /* Networking */ = {
			isa = PBXGroup;
			children = (
				9ABFD13C2908BC67003D7575 /* Tor Networking.swift */,
			);
			path = Networking;
			sourceTree = "<group>";
		};
		9AD98C3D29133F6C00618E0D /* Frameworks */ = {
			isa = PBXGroup;
			children = (
				9AD98C3E29133F6C00618E0D /* ServiceManagement.framework */,
			);
			name = Frameworks;
			sourceTree = "<group>";
		};
/* End PBXGroup section */

/* Begin PBXHeadersBuildPhase section */
		9ABFD0902908BBA4003D7575 /* Headers */ = {
			isa = PBXHeadersBuildPhase;
			buildActionMask = 2147483647;
			files = (
				9ABFD1482908BC67003D7575 /* Header.h in Headers */,
			);
			runOnlyForDeploymentPostprocessing = 0;
		};
/* End PBXHeadersBuildPhase section */

/* Begin PBXNativeTarget section */
		9ABFD0172908BA02003D7575 /* macOS ToolBox */ = {
			isa = PBXNativeTarget;
			buildConfigurationList = 9ABFD0272908BA03003D7575 /* Build configuration list for PBXNativeTarget "macOS ToolBox" */;
			buildPhases = (
				9ABFD0142908BA02003D7575 /* Sources */,
				9ABFD0152908BA02003D7575 /* Frameworks */,
				9ABFD0162908BA02003D7575 /* Resources */,
				9ABFD0AF2908BBA5003D7575 /* Embed Frameworks */,
			);
			buildRules = (
			);
			dependencies = (
				9ABFD0A92908BBA5003D7575 /* PBXTargetDependency */,
			);
			name = "macOS ToolBox";
			productName = "macOS ToolBox";
			productReference = 9ABFD0182908BA02003D7575 /* macOS ToolBox.app */;
			productType = "com.apple.product-type.application";
		};
		9ABFD0942908BBA4003D7575 /* xCore */ = {
			isa = PBXNativeTarget;
			buildConfigurationList = 9ABFD0AC2908BBA5003D7575 /* Build configuration list for PBXNativeTarget "xCore" */;
			buildPhases = (
				9ABFD0902908BBA4003D7575 /* Headers */,
				9ABFD0912908BBA4003D7575 /* Sources */,
				9ABFD0922908BBA4003D7575 /* Frameworks */,
				9ABFD0932908BBA4003D7575 /* Resources */,
			);
			buildRules = (
			);
			dependencies = (
			);
			name = xCore;
			productName = xCore;
			productReference = 9ABFD0952908BBA4003D7575 /* xCore.framework */;
			productType = "com.apple.product-type.framework";
		};
/* End PBXNativeTarget section */

/* Begin PBXProject section */
		9ABFD0102908BA02003D7575 /* Project object */ = {
			isa = PBXProject;
			attributes = {
				BuildIndependentTargetsInParallel = 1;
				LastSwiftUpdateCheck = 1410;
				LastUpgradeCheck = 1420;
				ORGANIZATIONNAME = "~X~ Lab";
				TargetAttributes = {
					9ABFD0172908BA02003D7575 = {
						CreatedOnToolsVersion = 14.1;
					};
					9ABFD0942908BBA4003D7575 = {
						CreatedOnToolsVersion = 14.1;
						LastSwiftMigration = 1410;
					};
				};
			};
			buildConfigurationList = 9ABFD0132908BA02003D7575 /* Build configuration list for PBXProject "macOS ToolBox" */;
			compatibilityVersion = "Xcode 14.0";
			developmentRegion = en;
			hasScannedForEncodings = 0;
			knownRegions = (
				en,
				Base,
				ru,
			);
			mainGroup = 9ABFD00F2908BA02003D7575;
			productRefGroup = 9ABFD0192908BA02003D7575 /* Products */;
			projectDirPath = "";
			projectRoot = "";
			targets = (
				9ABFD0172908BA02003D7575 /* macOS ToolBox */,
				9ABFD0942908BBA4003D7575 /* xCore */,
			);
		};
/* End PBXProject section */

/* Begin PBXResourcesBuildPhase section */
		9ABFD0162908BA02003D7575 /* Resources */ = {
			isa = PBXResourcesBuildPhase;
			buildActionMask = 2147483647;
			files = (
				9A28A06D292D8538001E2083 /* Localizable.strings in Resources */,
				9ABFD0632908BA2E003D7575 /* Assets.xcassets in Resources */,
				9ABFD04A2908BA2E003D7575 /* Preview Assets.xcassets in Resources */,
			);
			runOnlyForDeploymentPostprocessing = 0;
		};
		9ABFD0932908BBA4003D7575 /* Resources */ = {
			isa = PBXResourcesBuildPhase;
			buildActionMask = 2147483647;
			files = (
				9A28A069292D83ED001E2083 /* Localizable.strings in Resources */,
			);
			runOnlyForDeploymentPostprocessing = 0;
		};
/* End PBXResourcesBuildPhase section */

/* Begin PBXSourcesBuildPhase section */
		9ABFD0142908BA02003D7575 /* Sources */ = {
			isa = PBXSourcesBuildPhase;
			buildActionMask = 2147483647;
			files = (
				9ABFD1052908BC02003D7575 /* Time.swift in Sources */,
				9ABFD0FC2908BC02003D7575 /* Password.swift in Sources */,
				9A462A172912EA8F00D1723D /* main.swift in Sources */,
				9ABFD1022908BC02003D7575 /* App Delegate.swift in Sources */,
				9ABFD0FB2908BC02003D7575 /* Overview.swift in Sources */,
				9ABFD1082908BC02003D7575 /* Camper.swift in Sources */,
				9ABFD10F2908BC02003D7575 /* Packer.swift in Sources */,
				9ABFD1092908BC02003D7575 /* Dock.swift in Sources */,
				9ABFD0FF2908BC02003D7575 /* Defaults.swift in Sources */,
				9ABFD1002908BC02003D7575 /* DevID.swift in Sources */,
				9ABFD0FA2908BC02003D7575 /* SettingsView.swift in Sources */,
				9ABFD1072908BC02003D7575 /* Launchpad.swift in Sources */,
				9ABFD10D2908BC02003D7575 /* Sleep.swift in Sources */,
				9ABFD1102908BC02003D7575 /* Main View.swift in Sources */,
				9ABFD1032908BC02003D7575 /* Tor.swift in Sources */,
				9ABFD10B2908BC02003D7575 /* TouchID.swift in Sources */,
				9ABFD1062908BC02003D7575 /* Help.swift in Sources */,
				9ABFD1042908BC02003D7575 /* RAM Disk.swift in Sources */,
				9ABFD1012908BC02003D7575 /* BootCamp.swift in Sources */,
				9ABFD10A2908BC02003D7575 /* Beta Seed.swift in Sources */,
				9ABFD10C2908BC02003D7575 /* TimeButton.swift in Sources */,
			);
			runOnlyForDeploymentPostprocessing = 0;
		};
		9ABFD0912908BBA4003D7575 /* Sources */ = {
			isa = PBXSourcesBuildPhase;
			buildActionMask = 2147483647;
			files = (
				9ABFD1442908BC67003D7575 /* Extensions & Funcs.swift in Sources */,
				9ABFD1502908BC67003D7575 /* INIT.swift in Sources */,
				9ABFD1592908BC67003D7575 /* Stylers.swift in Sources */,
				9ABFD1562908BC67003D7575 /* Dock Manager.swift in Sources */,
				9ABFD14E2908BC67003D7575 /* HomeBrew Class.swift in Sources */,
				9ABFD1532908BC67003D7575 /* BootCamp.swift in Sources */,
				9ABFD13E2908BC67003D7575 /* Disks Display.swift in Sources */,
				9ABFD14D2908BC67003D7575 /* macOS SubSystem.swift in Sources */,
				9ABFD15C2908BC67003D7575 /* Notifications Manager.swift in Sources */,
				9ABFD15B2908BC67003D7575 /* App Theme.swift in Sources */,
				9A8ECF0F291B0D360091B1A8 /* Added Animations.swift in Sources */,
				9ABFD1422908BC67003D7575 /* System Status.swift in Sources */,
				9ABFD15E2908BC67003D7575 /* Tor Networking.swift in Sources */,
				9ABFD15A2908BC67003D7575 /* Settings Monitor.swift in Sources */,
				9A06C1E82926C8760064419C /* Virtuals.swift in Sources */,
				9ABFD1452908BC67003D7575 /* Biometrics.swift in Sources */,
				9ABFD13F2908BC67003D7575 /* Battery Display.swift in Sources */,
				9ABFD1472908BC67003D7575 /* Cool Circles.swift in Sources */,
				9ABFD13D2908BC67003D7575 /* CPU Display.swift in Sources */,
				9ABFD1542908BC67003D7575 /* SeedUtil.swift in Sources */,
				9ABFD1492908BC67003D7575 /* Documentation.docc in Sources */,
				9ABFD1572908BC67003D7575 /* Sleep Manager.swift in Sources */,
				9ABFD1432908BC67003D7575 /* Enums & Aliases.swift in Sources */,
				9ABFD1412908BC67003D7575 /* Memory View.swift in Sources */,
				9ABFD15D2908BC67003D7575 /* Navigation Generator.swift in Sources */,
				9ABFD14B2908BC67003D7575 /* Memory.swift in Sources */,
				9A6B99B4297EC11800F38BE1 /* PAM Manager.swift in Sources */,
				9ABFD1552908BC67003D7575 /* Launchpad.swift in Sources */,
				9ABFD1462908BC67003D7575 /* Custom Views.swift in Sources */,
				9ABFD14C2908BC67003D7575 /* Shell.swift in Sources */,
				9ABFD14F2908BC67003D7575 /* Packer.swift in Sources */,
				9ABFD14A2908BC67003D7575 /* Apple Script.swift in Sources */,
				9ABFD1402908BC67003D7575 /* macOS Update.swift in Sources */,
			);
			runOnlyForDeploymentPostprocessing = 0;
		};
/* End PBXSourcesBuildPhase section */

/* Begin PBXTargetDependency section */
		9ABFD0A92908BBA5003D7575 /* PBXTargetDependency */ = {
			isa = PBXTargetDependency;
			target = 9ABFD0942908BBA4003D7575 /* xCore */;
			targetProxy = 9ABFD0A82908BBA5003D7575 /* PBXContainerItemProxy */;
		};
/* End PBXTargetDependency section */

/* Begin PBXVariantGroup section */
		9A28A06B292D83ED001E2083 /* Localizable.strings */ = {
			isa = PBXVariantGroup;
			children = (
				9A28A06A292D83ED001E2083 /* en */,
				9A28A06C292D83F1001E2083 /* ru */,
			);
			name = Localizable.strings;
			sourceTree = "<group>";
		};
/* End PBXVariantGroup section */

/* Begin XCBuildConfiguration section */
		9ABFD0252908BA03003D7575 /* Debug */ = {
			isa = XCBuildConfiguration;
			buildSettings = {
				ALWAYS_SEARCH_USER_PATHS = NO;
				CLANG_ANALYZER_LOCALIZABILITY_NONLOCALIZED = YES;
				CLANG_ANALYZER_NONNULL = YES;
				CLANG_ANALYZER_NUMBER_OBJECT_CONVERSION = YES_AGGRESSIVE;
				CLANG_CXX_LANGUAGE_STANDARD = "gnu++20";
				CLANG_ENABLE_MODULES = YES;
				CLANG_ENABLE_OBJC_ARC = YES;
				CLANG_ENABLE_OBJC_WEAK = YES;
				CLANG_WARN_BLOCK_CAPTURE_AUTORELEASING = YES;
				CLANG_WARN_BOOL_CONVERSION = YES;
				CLANG_WARN_COMMA = YES;
				CLANG_WARN_CONSTANT_CONVERSION = YES;
				CLANG_WARN_DEPRECATED_OBJC_IMPLEMENTATIONS = YES;
				CLANG_WARN_DIRECT_OBJC_ISA_USAGE = YES_ERROR;
				CLANG_WARN_DOCUMENTATION_COMMENTS = YES;
				CLANG_WARN_EMPTY_BODY = YES;
				CLANG_WARN_ENUM_CONVERSION = YES;
				CLANG_WARN_INFINITE_RECURSION = YES;
				CLANG_WARN_INT_CONVERSION = YES;
				CLANG_WARN_NON_LITERAL_NULL_CONVERSION = YES;
				CLANG_WARN_OBJC_IMPLICIT_RETAIN_SELF = YES;
				CLANG_WARN_OBJC_LITERAL_CONVERSION = YES;
				CLANG_WARN_OBJC_ROOT_CLASS = YES_ERROR;
				CLANG_WARN_QUOTED_INCLUDE_IN_FRAMEWORK_HEADER = YES;
				CLANG_WARN_RANGE_LOOP_ANALYSIS = YES;
				CLANG_WARN_STRICT_PROTOTYPES = YES;
				CLANG_WARN_SUSPICIOUS_MOVE = YES;
				CLANG_WARN_UNGUARDED_AVAILABILITY = YES_AGGRESSIVE;
				CLANG_WARN_UNREACHABLE_CODE = YES;
				CLANG_WARN__DUPLICATE_METHOD_MATCH = YES;
				COPY_PHASE_STRIP = NO;
				DEAD_CODE_STRIPPING = YES;
				DEBUG_INFORMATION_FORMAT = dwarf;
				ENABLE_STRICT_OBJC_MSGSEND = YES;
				ENABLE_TESTABILITY = YES;
				GCC_C_LANGUAGE_STANDARD = gnu11;
				GCC_DYNAMIC_NO_PIC = NO;
				GCC_NO_COMMON_BLOCKS = YES;
				GCC_OPTIMIZATION_LEVEL = 0;
				GCC_PREPROCESSOR_DEFINITIONS = (
					"DEBUG=1",
					"$(inherited)",
				);
				GCC_WARN_64_TO_32_BIT_CONVERSION = YES;
				GCC_WARN_ABOUT_RETURN_TYPE = YES_ERROR;
				GCC_WARN_UNDECLARED_SELECTOR = YES;
				GCC_WARN_UNINITIALIZED_AUTOS = YES_AGGRESSIVE;
				GCC_WARN_UNUSED_FUNCTION = YES;
				GCC_WARN_UNUSED_VARIABLE = YES;
				MACOSX_DEPLOYMENT_TARGET = 13.0;
				MTL_ENABLE_DEBUG_INFO = INCLUDE_SOURCE;
				MTL_FAST_MATH = YES;
				ONLY_ACTIVE_ARCH = YES;
				SWIFT_ACTIVE_COMPILATION_CONDITIONS = DEBUG;
				SWIFT_OPTIMIZATION_LEVEL = "-Onone";
			};
			name = Debug;
		};
		9ABFD0262908BA03003D7575 /* Release */ = {
			isa = XCBuildConfiguration;
			buildSettings = {
				ALWAYS_SEARCH_USER_PATHS = NO;
				CLANG_ANALYZER_LOCALIZABILITY_NONLOCALIZED = YES;
				CLANG_ANALYZER_NONNULL = YES;
				CLANG_ANALYZER_NUMBER_OBJECT_CONVERSION = YES_AGGRESSIVE;
				CLANG_CXX_LANGUAGE_STANDARD = "gnu++20";
				CLANG_ENABLE_MODULES = YES;
				CLANG_ENABLE_OBJC_ARC = YES;
				CLANG_ENABLE_OBJC_WEAK = YES;
				CLANG_WARN_BLOCK_CAPTURE_AUTORELEASING = YES;
				CLANG_WARN_BOOL_CONVERSION = YES;
				CLANG_WARN_COMMA = YES;
				CLANG_WARN_CONSTANT_CONVERSION = YES;
				CLANG_WARN_DEPRECATED_OBJC_IMPLEMENTATIONS = YES;
				CLANG_WARN_DIRECT_OBJC_ISA_USAGE = YES_ERROR;
				CLANG_WARN_DOCUMENTATION_COMMENTS = YES;
				CLANG_WARN_EMPTY_BODY = YES;
				CLANG_WARN_ENUM_CONVERSION = YES;
				CLANG_WARN_INFINITE_RECURSION = YES;
				CLANG_WARN_INT_CONVERSION = YES;
				CLANG_WARN_NON_LITERAL_NULL_CONVERSION = YES;
				CLANG_WARN_OBJC_IMPLICIT_RETAIN_SELF = YES;
				CLANG_WARN_OBJC_LITERAL_CONVERSION = YES;
				CLANG_WARN_OBJC_ROOT_CLASS = YES_ERROR;
				CLANG_WARN_QUOTED_INCLUDE_IN_FRAMEWORK_HEADER = YES;
				CLANG_WARN_RANGE_LOOP_ANALYSIS = YES;
				CLANG_WARN_STRICT_PROTOTYPES = YES;
				CLANG_WARN_SUSPICIOUS_MOVE = YES;
				CLANG_WARN_UNGUARDED_AVAILABILITY = YES_AGGRESSIVE;
				CLANG_WARN_UNREACHABLE_CODE = YES;
				CLANG_WARN__DUPLICATE_METHOD_MATCH = YES;
				COPY_PHASE_STRIP = NO;
				DEAD_CODE_STRIPPING = YES;
				DEBUG_INFORMATION_FORMAT = "dwarf-with-dsym";
				ENABLE_NS_ASSERTIONS = NO;
				ENABLE_STRICT_OBJC_MSGSEND = YES;
				GCC_C_LANGUAGE_STANDARD = gnu11;
				GCC_NO_COMMON_BLOCKS = YES;
				GCC_WARN_64_TO_32_BIT_CONVERSION = YES;
				GCC_WARN_ABOUT_RETURN_TYPE = YES_ERROR;
				GCC_WARN_UNDECLARED_SELECTOR = YES;
				GCC_WARN_UNINITIALIZED_AUTOS = YES_AGGRESSIVE;
				GCC_WARN_UNUSED_FUNCTION = YES;
				GCC_WARN_UNUSED_VARIABLE = YES;
				MACOSX_DEPLOYMENT_TARGET = 13.0;
				MTL_ENABLE_DEBUG_INFO = NO;
				MTL_FAST_MATH = YES;
				SWIFT_COMPILATION_MODE = wholemodule;
				SWIFT_OPTIMIZATION_LEVEL = "-O";
			};
			name = Release;
		};
		9ABFD0282908BA03003D7575 /* Debug */ = {
			isa = XCBuildConfiguration;
			buildSettings = {
				ALWAYS_EMBED_SWIFT_STANDARD_LIBRARIES = YES;
				ASSETCATALOG_COMPILER_APPICON_NAME = AppIcon;
				ASSETCATALOG_COMPILER_GLOBAL_ACCENT_COLOR_NAME = AccentColor;
				CODE_SIGN_ENTITLEMENTS = "macOS ToolBox/macOS ToolBox.entitlements";
				CODE_SIGN_IDENTITY = "-";
				"CODE_SIGN_IDENTITY[sdk=macosx*]" = "Apple Development";
				CODE_SIGN_STYLE = Automatic;
				CURRENT_PROJECT_VERSION = 125;
				DEAD_CODE_STRIPPING = YES;
				DEVELOPMENT_ASSET_PATHS = "\"macOS ToolBox/Preview Content\"";
				DEVELOPMENT_TEAM = 5XE9Q47HH3;
				ENABLE_HARDENED_RUNTIME = NO;
				ENABLE_PREVIEWS = YES;
				GENERATE_INFOPLIST_FILE = YES;
				INFOPLIST_FILE = "macOS-ToolBox-Info.plist";
				INFOPLIST_KEY_CFBundleDisplayName = "macOS ToolBox";
				INFOPLIST_KEY_LSApplicationCategoryType = "public.app-category.utilities";
				"INFOPLIST_KEY_UIApplicationSceneManifest_Generation[sdk=iphoneos*]" = YES;
				"INFOPLIST_KEY_UIApplicationSceneManifest_Generation[sdk=iphonesimulator*]" = YES;
				"INFOPLIST_KEY_UIApplicationSupportsIndirectInputEvents[sdk=iphoneos*]" = YES;
				"INFOPLIST_KEY_UIApplicationSupportsIndirectInputEvents[sdk=iphonesimulator*]" = YES;
				"INFOPLIST_KEY_UILaunchScreen_Generation[sdk=iphoneos*]" = YES;
				"INFOPLIST_KEY_UILaunchScreen_Generation[sdk=iphonesimulator*]" = YES;
				"INFOPLIST_KEY_UIStatusBarStyle[sdk=iphoneos*]" = UIStatusBarStyleDefault;
				"INFOPLIST_KEY_UIStatusBarStyle[sdk=iphonesimulator*]" = UIStatusBarStyleDefault;
				INFOPLIST_KEY_UISupportedInterfaceOrientations_iPad = "UIInterfaceOrientationPortrait UIInterfaceOrientationPortraitUpsideDown UIInterfaceOrientationLandscapeLeft UIInterfaceOrientationLandscapeRight";
				INFOPLIST_KEY_UISupportedInterfaceOrientations_iPhone = "UIInterfaceOrientationPortrait UIInterfaceOrientationLandscapeLeft UIInterfaceOrientationLandscapeRight";
				IPHONEOS_DEPLOYMENT_TARGET = 16.1;
				LD_RUNPATH_SEARCH_PATHS = "@executable_path/Frameworks";
				"LD_RUNPATH_SEARCH_PATHS[sdk=macosx*]" = "@executable_path/../Frameworks";
				MACOSX_DEPLOYMENT_TARGET = 13.0;
				MARKETING_VERSION = 4.4.1;
				PRODUCT_BUNDLE_IDENTIFIER = com.xlab.macOSToolBox;
				PRODUCT_NAME = "$(TARGET_NAME)";
				SDKROOT = auto;
				SUPPORTED_PLATFORMS = macosx;
				SUPPORTS_MACCATALYST = NO;
				SUPPORTS_MAC_DESIGNED_FOR_IPHONE_IPAD = NO;
				SWIFT_EMIT_LOC_STRINGS = YES;
				SWIFT_VERSION = 5.0;
			};
			name = Debug;
		};
		9ABFD0292908BA03003D7575 /* Release */ = {
			isa = XCBuildConfiguration;
			buildSettings = {
				ALWAYS_EMBED_SWIFT_STANDARD_LIBRARIES = YES;
				ASSETCATALOG_COMPILER_APPICON_NAME = AppIcon;
				ASSETCATALOG_COMPILER_GLOBAL_ACCENT_COLOR_NAME = AccentColor;
				CODE_SIGN_ENTITLEMENTS = "macOS ToolBox/macOS ToolBox.entitlements";
				CODE_SIGN_IDENTITY = "-";
				"CODE_SIGN_IDENTITY[sdk=macosx*]" = "Apple Development";
				CODE_SIGN_STYLE = Automatic;
				CURRENT_PROJECT_VERSION = 125;
				DEAD_CODE_STRIPPING = YES;
				DEVELOPMENT_ASSET_PATHS = "\"macOS ToolBox/Preview Content\"";
				DEVELOPMENT_TEAM = 5XE9Q47HH3;
				ENABLE_HARDENED_RUNTIME = NO;
				ENABLE_PREVIEWS = YES;
				GENERATE_INFOPLIST_FILE = YES;
				INFOPLIST_FILE = "macOS-ToolBox-Info.plist";
				INFOPLIST_KEY_CFBundleDisplayName = "macOS ToolBox";
				INFOPLIST_KEY_LSApplicationCategoryType = "public.app-category.utilities";
				"INFOPLIST_KEY_UIApplicationSceneManifest_Generation[sdk=iphoneos*]" = YES;
				"INFOPLIST_KEY_UIApplicationSceneManifest_Generation[sdk=iphonesimulator*]" = YES;
				"INFOPLIST_KEY_UIApplicationSupportsIndirectInputEvents[sdk=iphoneos*]" = YES;
				"INFOPLIST_KEY_UIApplicationSupportsIndirectInputEvents[sdk=iphonesimulator*]" = YES;
				"INFOPLIST_KEY_UILaunchScreen_Generation[sdk=iphoneos*]" = YES;
				"INFOPLIST_KEY_UILaunchScreen_Generation[sdk=iphonesimulator*]" = YES;
				"INFOPLIST_KEY_UIStatusBarStyle[sdk=iphoneos*]" = UIStatusBarStyleDefault;
				"INFOPLIST_KEY_UIStatusBarStyle[sdk=iphonesimulator*]" = UIStatusBarStyleDefault;
				INFOPLIST_KEY_UISupportedInterfaceOrientations_iPad = "UIInterfaceOrientationPortrait UIInterfaceOrientationPortraitUpsideDown UIInterfaceOrientationLandscapeLeft UIInterfaceOrientationLandscapeRight";
				INFOPLIST_KEY_UISupportedInterfaceOrientations_iPhone = "UIInterfaceOrientationPortrait UIInterfaceOrientationLandscapeLeft UIInterfaceOrientationLandscapeRight";
				IPHONEOS_DEPLOYMENT_TARGET = 16.1;
				LD_RUNPATH_SEARCH_PATHS = "@executable_path/Frameworks";
				"LD_RUNPATH_SEARCH_PATHS[sdk=macosx*]" = "@executable_path/../Frameworks";
				MACOSX_DEPLOYMENT_TARGET = 13.0;
				MARKETING_VERSION = 4.4.1;
				PRODUCT_BUNDLE_IDENTIFIER = com.xlab.macOSToolBox;
				PRODUCT_NAME = "$(TARGET_NAME)";
				SDKROOT = auto;
				SUPPORTED_PLATFORMS = macosx;
				SUPPORTS_MACCATALYST = NO;
				SUPPORTS_MAC_DESIGNED_FOR_IPHONE_IPAD = NO;
				SWIFT_EMIT_LOC_STRINGS = YES;
				SWIFT_VERSION = 5.0;
			};
			name = Release;
		};
		9ABFD0AD2908BBA5003D7575 /* Debug */ = {
			isa = XCBuildConfiguration;
			buildSettings = {
				CLANG_ENABLE_MODULES = YES;
				CODE_SIGN_STYLE = Automatic;
				COMBINE_HIDPI_IMAGES = YES;
				CURRENT_PROJECT_VERSION = 1;
				DEAD_CODE_STRIPPING = YES;
				DEFINES_MODULE = YES;
				DEVELOPMENT_TEAM = 5XE9Q47HH3;
				DYLIB_COMPATIBILITY_VERSION = 1;
				DYLIB_CURRENT_VERSION = 1;
				DYLIB_INSTALL_NAME_BASE = "@rpath";
				GENERATE_INFOPLIST_FILE = YES;
				INFOPLIST_FILE = xCore/Info.plist;
				INFOPLIST_KEY_NSHumanReadableCopyright = "";
				INSTALL_PATH = "$(LOCAL_LIBRARY_DIR)/Frameworks";
				LD_RUNPATH_SEARCH_PATHS = (
					"$(inherited)",
					"@executable_path/../Frameworks",
					"@loader_path/Frameworks",
				);
				MACOSX_DEPLOYMENT_TARGET = 13.0;
				MARKETING_VERSION = 1.0;
				PRODUCT_BUNDLE_IDENTIFIER = com.xlab.xCore;
				PRODUCT_NAME = "$(TARGET_NAME:c99extidentifier)";
				SDKROOT = macosx;
				SKIP_INSTALL = YES;
				SWIFT_EMIT_LOC_STRINGS = YES;
				SWIFT_OPTIMIZATION_LEVEL = "-Onone";
				SWIFT_VERSION = 5.0;
				VERSIONING_SYSTEM = "apple-generic";
				VERSION_INFO_PREFIX = "";
			};
			name = Debug;
		};
		9ABFD0AE2908BBA5003D7575 /* Release */ = {
			isa = XCBuildConfiguration;
			buildSettings = {
				CLANG_ENABLE_MODULES = YES;
				CODE_SIGN_STYLE = Automatic;
				COMBINE_HIDPI_IMAGES = YES;
				CURRENT_PROJECT_VERSION = 1;
				DEAD_CODE_STRIPPING = YES;
				DEFINES_MODULE = YES;
				DEVELOPMENT_TEAM = 5XE9Q47HH3;
				DYLIB_COMPATIBILITY_VERSION = 1;
				DYLIB_CURRENT_VERSION = 1;
				DYLIB_INSTALL_NAME_BASE = "@rpath";
				GENERATE_INFOPLIST_FILE = YES;
				INFOPLIST_FILE = xCore/Info.plist;
				INFOPLIST_KEY_NSHumanReadableCopyright = "";
				INSTALL_PATH = "$(LOCAL_LIBRARY_DIR)/Frameworks";
				LD_RUNPATH_SEARCH_PATHS = (
					"$(inherited)",
					"@executable_path/../Frameworks",
					"@loader_path/Frameworks",
				);
				MACOSX_DEPLOYMENT_TARGET = 13.0;
				MARKETING_VERSION = 1.0;
				PRODUCT_BUNDLE_IDENTIFIER = com.xlab.xCore;
				PRODUCT_NAME = "$(TARGET_NAME:c99extidentifier)";
				SDKROOT = macosx;
				SKIP_INSTALL = YES;
				SWIFT_EMIT_LOC_STRINGS = YES;
				SWIFT_VERSION = 5.0;
				VERSIONING_SYSTEM = "apple-generic";
				VERSION_INFO_PREFIX = "";
			};
			name = Release;
		};
/* End XCBuildConfiguration section */

/* Begin XCConfigurationList section */
		9ABFD0132908BA02003D7575 /* Build configuration list for PBXProject "macOS ToolBox" */ = {
			isa = XCConfigurationList;
			buildConfigurations = (
				9ABFD0252908BA03003D7575 /* Debug */,
				9ABFD0262908BA03003D7575 /* Release */,
			);
			defaultConfigurationIsVisible = 0;
			defaultConfigurationName = Release;
		};
		9ABFD0272908BA03003D7575 /* Build configuration list for PBXNativeTarget "macOS ToolBox" */ = {
			isa = XCConfigurationList;
			buildConfigurations = (
				9ABFD0282908BA03003D7575 /* Debug */,
				9ABFD0292908BA03003D7575 /* Release */,
			);
			defaultConfigurationIsVisible = 0;
			defaultConfigurationName = Release;
		};
		9ABFD0AC2908BBA5003D7575 /* Build configuration list for PBXNativeTarget "xCore" */ = {
			isa = XCConfigurationList;
			buildConfigurations = (
				9ABFD0AD2908BBA5003D7575 /* Debug */,
				9ABFD0AE2908BBA5003D7575 /* Release */,
			);
			defaultConfigurationIsVisible = 0;
			defaultConfigurationName = Release;
		};
/* End XCConfigurationList section */
	};
	rootObject = 9ABFD0102908BA02003D7575 /* Project object */;
}
